
Microsoft Visual Studio Solution File, Format Version 12.00
# Visual Studio 2012
Project("{FAE04EC0-301F-11D3-BF4B-00C04F79EFBC}") = "Xamarin_Strcuture", "Xamarin_Strcuture\Xamarin_Strcuture.csproj", "{CF8632EE-6916-4ADF-AC26-B72DDFCED67F}"
EndProject
Project("{FAE04EC0-301F-11D3-BF4B-00C04F79EFBC}") = "Xamarin_Strcuture.iOS", "iOS\Xamarin_Strcuture.iOS.csproj", "{465CD7F4-9BB2-4682-9143-7F541FFC5A92}"
EndProject
Project("{FAE04EC0-301F-11D3-BF4B-00C04F79EFBC}") = "Xamarin_Strcuture.Droid", "Droid\Xamarin_Strcuture.Droid.csproj", "{D6F6845D-8442-4BCF-8561-6E23BAE653EC}"
EndProject
Project("{FAE04EC0-301F-11D3-BF4B-00C04F79EFBC}") = "Xamarin_Strcuture.Views", "Xamarin_Strcuture.Views\Xamarin_Strcuture.Views.csproj", "{1AFC9C51-31DE-45F3-8993-F8F3C6047D2F}"
EndProject
Project("{FAE04EC0-301F-11D3-BF4B-00C04F79EFBC}") = "Xamarin_Strcuture.Logics", "Xamarin_Strcuture.Logics\Xamarin_Strcuture.Logics.csproj", "{B08CDCC1-E743-4400-A3BF-D1A1332E5B26}"
EndProject
Global
	GlobalSection(SolutionConfigurationPlatforms) = preSolution
		Debug|Any CPU = Debug|Any CPU
		Release|Any CPU = Release|Any CPU
		Debug|iPhoneSimulator = Debug|iPhoneSimulator
		Release|iPhone = Release|iPhone
		Release|iPhoneSimulator = Release|iPhoneSimulator
		Debug|iPhone = Debug|iPhone
	EndGlobalSection
	GlobalSection(ProjectConfigurationPlatforms) = postSolution
		{CF8632EE-6916-4ADF-AC26-B72DDFCED67F}.Debug|Any CPU.ActiveCfg = Debug|Any CPU
		{CF8632EE-6916-4ADF-AC26-B72DDFCED67F}.Debug|Any CPU.Build.0 = Debug|Any CPU
		{CF8632EE-6916-4ADF-AC26-B72DDFCED67F}.Release|Any CPU.ActiveCfg = Release|Any CPU
		{CF8632EE-6916-4ADF-AC26-B72DDFCED67F}.Release|Any CPU.Build.0 = Release|Any CPU
		{CF8632EE-6916-4ADF-AC26-B72DDFCED67F}.Debug|iPhoneSimulator.ActiveCfg = Debug|Any CPU
		{CF8632EE-6916-4ADF-AC26-B72DDFCED67F}.Debug|iPhoneSimulator.Build.0 = Debug|Any CPU
		{CF8632EE-6916-4ADF-AC26-B72DDFCED67F}.Release|iPhone.ActiveCfg = Release|Any CPU
		{CF8632EE-6916-4ADF-AC26-B72DDFCED67F}.Release|iPhone.Build.0 = Release|Any CPU
		{CF8632EE-6916-4ADF-AC26-B72DDFCED67F}.Release|iPhoneSimulator.ActiveCfg = Release|Any CPU
		{CF8632EE-6916-4ADF-AC26-B72DDFCED67F}.Release|iPhoneSimulator.Build.0 = Release|Any CPU
		{CF8632EE-6916-4ADF-AC26-B72DDFCED67F}.Debug|iPhone.ActiveCfg = Debug|Any CPU
		{CF8632EE-6916-4ADF-AC26-B72DDFCED67F}.Debug|iPhone.Build.0 = Debug|Any CPU
		{465CD7F4-9BB2-4682-9143-7F541FFC5A92}.Debug|Any CPU.ActiveCfg = Debug|iPhoneSimulator
		{465CD7F4-9BB2-4682-9143-7F541FFC5A92}.Debug|Any CPU.Build.0 = Debug|iPhoneSimulator
		{465CD7F4-9BB2-4682-9143-7F541FFC5A92}.Release|Any CPU.ActiveCfg = Release|iPhone
		{465CD7F4-9BB2-4682-9143-7F541FFC5A92}.Release|Any CPU.Build.0 = Release|iPhone
		{465CD7F4-9BB2-4682-9143-7F541FFC5A92}.Debug|iPhoneSimulator.ActiveCfg = Debug|iPhoneSimulator
		{465CD7F4-9BB2-4682-9143-7F541FFC5A92}.Debug|iPhoneSimulator.Build.0 = Debug|iPhoneSimulator
		{465CD7F4-9BB2-4682-9143-7F541FFC5A92}.Release|iPhone.ActiveCfg = Release|iPhone
		{465CD7F4-9BB2-4682-9143-7F541FFC5A92}.Release|iPhone.Build.0 = Release|iPhone
		{465CD7F4-9BB2-4682-9143-7F541FFC5A92}.Release|iPhoneSimulator.ActiveCfg = Release|iPhoneSimulator
		{465CD7F4-9BB2-4682-9143-7F541FFC5A92}.Release|iPhoneSimulator.Build.0 = Release|iPhoneSimulator
		{465CD7F4-9BB2-4682-9143-7F541FFC5A92}.Debug|iPhone.ActiveCfg = Debug|iPhone
		{465CD7F4-9BB2-4682-9143-7F541FFC5A92}.Debug|iPhone.Build.0 = Debug|iPhone
		{D6F6845D-8442-4BCF-8561-6E23BAE653EC}.Debug|Any CPU.ActiveCfg = Debug|Any CPU
		{D6F6845D-8442-4BCF-8561-6E23BAE653EC}.Debug|Any CPU.Build.0 = Debug|Any CPU
		{D6F6845D-8442-4BCF-8561-6E23BAE653EC}.Release|Any CPU.ActiveCfg = Release|Any CPU
		{D6F6845D-8442-4BCF-8561-6E23BAE653EC}.Release|Any CPU.Build.0 = Release|Any CPU
		{D6F6845D-8442-4BCF-8561-6E23BAE653EC}.Debug|iPhoneSimulator.ActiveCfg = Debug|Any CPU
		{D6F6845D-8442-4BCF-8561-6E23BAE653EC}.Debug|iPhoneSimulator.Build.0 = Debug|Any CPU
		{D6F6845D-8442-4BCF-8561-6E23BAE653EC}.Release|iPhone.ActiveCfg = Release|Any CPU
		{D6F6845D-8442-4BCF-8561-6E23BAE653EC}.Release|iPhone.Build.0 = Release|Any CPU
		{D6F6845D-8442-4BCF-8561-6E23BAE653EC}.Release|iPhoneSimulator.ActiveCfg = Release|Any CPU
		{D6F6845D-8442-4BCF-8561-6E23BAE653EC}.Release|iPhoneSimulator.Build.0 = Release|Any CPU
		{D6F6845D-8442-4BCF-8561-6E23BAE653EC}.Debug|iPhone.ActiveCfg = Debug|Any CPU
		{D6F6845D-8442-4BCF-8561-6E23BAE653EC}.Debug|iPhone.Build.0 = Debug|Any CPU
		{1AFC9C51-31DE-45F3-8993-F8F3C6047D2F}.Debug|Any CPU.ActiveCfg = Debug|Any CPU
		{1AFC9C51-31DE-45F3-8993-F8F3C6047D2F}.Debug|Any CPU.Build.0 = Debug|Any CPU
		{1AFC9C51-31DE-45F3-8993-F8F3C6047D2F}.Release|Any CPU.ActiveCfg = Release|Any CPU
		{1AFC9C51-31DE-45F3-8993-F8F3C6047D2F}.Release|Any CPU.Build.0 = Release|Any CPU
		{1AFC9C51-31DE-45F3-8993-F8F3C6047D2F}.Debug|iPhoneSimulator.ActiveCfg = Debug|Any CPU
		{1AFC9C51-31DE-45F3-8993-F8F3C6047D2F}.Debug|iPhoneSimulator.Build.0 = Debug|Any CPU
		{1AFC9C51-31DE-45F3-8993-F8F3C6047D2F}.Release|iPhone.ActiveCfg = Release|Any CPU
		{1AFC9C51-31DE-45F3-8993-F8F3C6047D2F}.Release|iPhone.Build.0 = Release|Any CPU
		{1AFC9C51-31DE-45F3-8993-F8F3C6047D2F}.Release|iPhoneSimulator.ActiveCfg = Release|Any CPU
		{1AFC9C51-31DE-45F3-8993-F8F3C6047D2F}.Release|iPhoneSimulator.Build.0 = Release|Any CPU
		{1AFC9C51-31DE-45F3-8993-F8F3C6047D2F}.Debug|iPhone.ActiveCfg = Debug|Any CPU
		{1AFC9C51-31DE-45F3-8993-F8F3C6047D2F}.Debug|iPhone.Build.0 = Debug|Any CPU
		{B08CDCC1-E743-4400-A3BF-D1A1332E5B26}.Debug|Any CPU.ActiveCfg = Debug|Any CPU
		{B08CDCC1-E743-4400-A3BF-D1A1332E5B26}.Debug|Any CPU.Build.0 = Debug|Any CPU
		{B08CDCC1-E743-4400-A3BF-D1A1332E5B26}.Release|Any CPU.ActiveCfg = Release|Any CPU
		{B08CDCC1-E743-4400-A3BF-D1A1332E5B26}.Release|Any CPU.Build.0 = Release|Any CPU
		{B08CDCC1-E743-4400-A3BF-D1A1332E5B26}.Debug|iPhoneSimulator.ActiveCfg = Debug|Any CPU
		{B08CDCC1-E743-4400-A3BF-D1A1332E5B26}.Debug|iPhoneSimulator.Build.0 = Debug|Any CPU
		{B08CDCC1-E743-4400-A3BF-D1A1332E5B26}.Release|iPhone.ActiveCfg = Release|Any CPU
		{B08CDCC1-E743-4400-A3BF-D1A1332E5B26}.Release|iPhone.Build.0 = Release|Any CPU
		{B08CDCC1-E743-4400-A3BF-D1A1332E5B26}.Release|iPhoneSimulator.ActiveCfg = Release|Any CPU
		{B08CDCC1-E743-4400-A3BF-D1A1332E5B26}.Release|iPhoneSimulator.Build.0 = Release|Any CPU
		{B08CDCC1-E743-4400-A3BF-D1A1332E5B26}.Debug|iPhone.ActiveCfg = Debug|Any CPU
		{B08CDCC1-E743-4400-A3BF-D1A1332E5B26}.Debug|iPhone.Build.0 = Debug|Any CPU
	EndGlobalSection
EndGlobal
